
Microsoft Visual Studio Solution File, Format Version 12.00
# Visual Studio Version 16
VisualStudioVersion = 16.0.30011.22
MinimumVisualStudioVersion = 10.0.40219.1
Project("{FAE04EC0-301F-11D3-BF4B-00C04F79EFBC}") = "PhoneticSpellTool", "PhoneticSpellTool\PhoneticSpellTool.csproj", "{DDDC23FE-E326-45DC-839F-9430895D1198}"
EndProject
Global
	GlobalSection(SolutionConfigurationPlatforms) = preSolution
		Debug|Any CPU = Debug|Any CPU
		Release|Any CPU = Release|Any CPU
	EndGlobalSection
	GlobalSection(ProjectConfigurationPlatforms) = postSolution
		{DDDC23FE-E326-45DC-839F-9430895D1198}.Debug|Any CPU.ActiveCfg = Debug|Any CPU
		{DDDC23FE-E326-45DC-839F-9430895D1198}.Debug|Any CPU.Build.0 = Debug|Any CPU
		{DDDC23FE-E326-45DC-839F-9430895D1198}.Release|Any CPU.ActiveCfg = Release|Any CPU
		{DDDC23FE-E326-45DC-839F-9430895D1198}.Release|Any CPU.Build.0 = Release|Any CPU
	EndGlobalSection
	GlobalSection(SolutionProperties) = preSolution
		HideSolutionNode = FALSE
	EndGlobalSection
	GlobalSection(ExtensibilityGlobals) = postSolution
		SolutionGuid = {F2851C47-CBD0-44BD-990E-9EAEC361C483}
	EndGlobalSection
EndGlobal
